
Microsoft Visual Studio Solution File, Format Version 12.00
# Visual Studio Version 16
VisualStudioVersion = 16.0.29905.134
MinimumVisualStudioVersion = 10.0.40219.1
Project("{FAE04EC0-301F-11D3-BF4B-00C04F79EFBC}") = "LABA2.5", "LABA2.5\LABA2.5.csproj", "{46D21232-8C3F-4C03-B5C3-954546C47E1A}"
EndProject
Global
	GlobalSection(SolutionConfigurationPlatforms) = preSolution
		Debug|Any CPU = Debug|Any CPU
		Release|Any CPU = Release|Any CPU
	EndGlobalSection
	GlobalSection(ProjectConfigurationPlatforms) = postSolution
		{46D21232-8C3F-4C03-B5C3-954546C47E1A}.Debug|Any CPU.ActiveCfg = Debug|Any CPU
		{46D21232-8C3F-4C03-B5C3-954546C47E1A}.Debug|Any CPU.Build.0 = Debug|Any CPU
		{46D21232-8C3F-4C03-B5C3-954546C47E1A}.Release|Any CPU.ActiveCfg = Release|Any CPU
		{46D21232-8C3F-4C03-B5C3-954546C47E1A}.Release|Any CPU.Build.0 = Release|Any CPU
	EndGlobalSection
	GlobalSection(SolutionProperties) = preSolution
		HideSolutionNode = FALSE
	EndGlobalSection
	GlobalSection(ExtensibilityGlobals) = postSolution
		SolutionGuid = {2F94FFE7-FFB4-4CE3-8267-4E2E546B501B}
	EndGlobalSection
EndGlobal
